// !$*UTF8*$!
{
	archiveVersion = 1;
	classes = {
	};
	objectVersion = 55;
	objects = {

/* Begin PBXBuildFile section */
		9B3FBC22279B98F100D07866 /* Daft_PunkApp.swift in Sources */ = {isa = PBXBuildFile; fileRef = 9B3FBC21279B98F100D07866 /* Daft_PunkApp.swift */; };
		9B3FBC24279B98F100D07866 /* FirstView.swift in Sources */ = {isa = PBXBuildFile; fileRef = 9B3FBC23279B98F100D07866 /* FirstView.swift */; };
		9B3FBC26279B98F200D07866 /* Assets.xcassets in Resources */ = {isa = PBXBuildFile; fileRef = 9B3FBC25279B98F200D07866 /* Assets.xcassets */; };
		9B3FBC29279B98F200D07866 /* Preview Assets.xcassets in Resources */ = {isa = PBXBuildFile; fileRef = 9B3FBC28279B98F200D07866 /* Preview Assets.xcassets */; };
		9B3FBC33279B98F200D07866 /* Daft_PunkTests.swift in Sources */ = {isa = PBXBuildFile; fileRef = 9B3FBC32279B98F200D07866 /* Daft_PunkTests.swift */; };
		9B3FBC3D279B98F200D07866 /* Daft_PunkUITests.swift in Sources */ = {isa = PBXBuildFile; fileRef = 9B3FBC3C279B98F200D07866 /* Daft_PunkUITests.swift */; };
		9B3FBC3F279B98F200D07866 /* Daft_PunkUITestsLaunchTests.swift in Sources */ = {isa = PBXBuildFile; fileRef = 9B3FBC3E279B98F200D07866 /* Daft_PunkUITestsLaunchTests.swift */; };
		9B98201B279B9F8B009184A4 /* SoundPlayer.swift in Sources */ = {isa = PBXBuildFile; fileRef = 9B98201A279B9F8B009184A4 /* SoundPlayer.swift */; };
		9BC4FA65279BDCD1002AD793 /* ClView.swift in Sources */ = {isa = PBXBuildFile; fileRef = 9BC4FA64279BDCD1002AD793 /* ClView.swift */; };
		9BC4FA67279BDDA4002AD793 /* SecondView.swift in Sources */ = {isa = PBXBuildFile; fileRef = 9BC4FA66279BDDA4002AD793 /* SecondView.swift */; };
/* End PBXBuildFile section */

/* Begin PBXContainerItemProxy section */
		9B3FBC2F279B98F200D07866 /* PBXContainerItemProxy */ = {
			isa = PBXContainerItemProxy;
			containerPortal = 9B3FBC16279B98F100D07866 /* Project object */;
			proxyType = 1;
			remoteGlobalIDString = 9B3FBC1D279B98F100D07866;
			remoteInfo = "Daft Punk";
		};
		9B3FBC39279B98F200D07866 /* PBXContainerItemProxy */ = {
			isa = PBXContainerItemProxy;
			containerPortal = 9B3FBC16279B98F100D07866 /* Project object */;
			proxyType = 1;
			remoteGlobalIDString = 9B3FBC1D279B98F100D07866;
			remoteInfo = "Daft Punk";
		};
/* End PBXContainerItemProxy section */

/* Begin PBXFileReference section */
		9B3FBC1E279B98F100D07866 /* Daft Punk.app */ = {isa = PBXFileReference; explicitFileType = wrapper.application; includeInIndex = 0; path = "Daft Punk.app"; sourceTree = BUILT_PRODUCTS_DIR; };
		9B3FBC21279B98F100D07866 /* Daft_PunkApp.swift */ = {isa = PBXFileReference; lastKnownFileType = sourcecode.swift; path = Daft_PunkApp.swift; sourceTree = "<group>"; };
		9B3FBC23279B98F100D07866 /* FirstView.swift */ = {isa = PBXFileReference; lastKnownFileType = sourcecode.swift; path = FirstView.swift; sourceTree = "<group>"; };
		9B3FBC25279B98F200D07866 /* Assets.xcassets */ = {isa = PBXFileReference; lastKnownFileType = folder.assetcatalog; path = Assets.xcassets; sourceTree = "<group>"; };
		9B3FBC28279B98F200D07866 /* Preview Assets.xcassets */ = {isa = PBXFileReference; lastKnownFileType = folder.assetcatalog; path = "Preview Assets.xcassets"; sourceTree = "<group>"; };
		9B3FBC2E279B98F200D07866 /* Daft PunkTests.xctest */ = {isa = PBXFileReference; explicitFileType = wrapper.cfbundle; includeInIndex = 0; path = "Daft PunkTests.xctest"; sourceTree = BUILT_PRODUCTS_DIR; };
		9B3FBC32279B98F200D07866 /* Daft_PunkTests.swift */ = {isa = PBXFileReference; lastKnownFileType = sourcecode.swift; path = Daft_PunkTests.swift; sourceTree = "<group>"; };
		9B3FBC38279B98F200D07866 /* Daft PunkUITests.xctest */ = {isa = PBXFileReference; explicitFileType = wrapper.cfbundle; includeInIndex = 0; path = "Daft PunkUITests.xctest"; sourceTree = BUILT_PRODUCTS_DIR; };
		9B3FBC3C279B98F200D07866 /* Daft_PunkUITests.swift */ = {isa = PBXFileReference; lastKnownFileType = sourcecode.swift; path = Daft_PunkUITests.swift; sourceTree = "<group>"; };
		9B3FBC3E279B98F200D07866 /* Daft_PunkUITestsLaunchTests.swift */ = {isa = PBXFileReference; lastKnownFileType = sourcecode.swift; path = Daft_PunkUITestsLaunchTests.swift; sourceTree = "<group>"; };
		9B98201A279B9F8B009184A4 /* SoundPlayer.swift */ = {isa = PBXFileReference; lastKnownFileType = sourcecode.swift; path = SoundPlayer.swift; sourceTree = "<group>"; };
		9BC4FA64279BDCD1002AD793 /* ClView.swift */ = {isa = PBXFileReference; lastKnownFileType = sourcecode.swift; path = ClView.swift; sourceTree = "<group>"; };
		9BC4FA66279BDDA4002AD793 /* SecondView.swift */ = {isa = PBXFileReference; lastKnownFileType = sourcecode.swift; path = SecondView.swift; sourceTree = "<group>"; };
/* End PBXFileReference section */

/* Begin PBXFrameworksBuildPhase section */
		9B3FBC1B279B98F100D07866 /* Frameworks */ = {
			isa = PBXFrameworksBuildPhase;
			buildActionMask = 2147483647;
			files = (
			);
			runOnlyForDeploymentPostprocessing = 0;
		};
		9B3FBC2B279B98F200D07866 /* Frameworks */ = {
			isa = PBXFrameworksBuildPhase;
			buildActionMask = 2147483647;
			files = (
			);
			runOnlyForDeploymentPostprocessing = 0;
		};
		9B3FBC35279B98F200D07866 /* Frameworks */ = {
			isa = PBXFrameworksBuildPhase;
			buildActionMask = 2147483647;
			files = (
			);
			runOnlyForDeploymentPostprocessing = 0;
		};
/* End PBXFrameworksBuildPhase section */

/* Begin PBXGroup section */
		9B3FBC15279B98F100D07866 = {
			isa = PBXGroup;
			children = (
				9B3FBC20279B98F100D07866 /* Daft Punk */,
				9B3FBC31279B98F200D07866 /* Daft PunkTests */,
				9B3FBC3B279B98F200D07866 /* Daft PunkUITests */,
				9B3FBC1F279B98F100D07866 /* Products */,
			);
			sourceTree = "<group>";
		};
		9B3FBC1F279B98F100D07866 /* Products */ = {
			isa = PBXGroup;
			children = (
				9B3FBC1E279B98F100D07866 /* Daft Punk.app */,
				9B3FBC2E279B98F200D07866 /* Daft PunkTests.xctest */,
				9B3FBC38279B98F200D07866 /* Daft PunkUITests.xctest */,
			);
			name = Products;
			sourceTree = "<group>";
		};
		9B3FBC20279B98F100D07866 /* Daft Punk */ = {
			isa = PBXGroup;
			children = (
				9B3FBC21279B98F100D07866 /* Daft_PunkApp.swift */,
				9B98201A279B9F8B009184A4 /* SoundPlayer.swift */,
				9B3FBC23279B98F100D07866 /* FirstView.swift */,
				9BC4FA66279BDDA4002AD793 /* SecondView.swift */,
				9BC4FA64279BDCD1002AD793 /* ClView.swift */,
				9B3FBC25279B98F200D07866 /* Assets.xcassets */,
				9B3FBC27279B98F200D07866 /* Preview Content */,
			);
			path = "Daft Punk";
			sourceTree = "<group>";
		};
		9B3FBC27279B98F200D07866 /* Preview Content */ = {
			isa = PBXGroup;
			children = (
				9B3FBC28279B98F200D07866 /* Preview Assets.xcassets */,
			);
			path = "Preview Content";
			sourceTree = "<group>";
		};
		9B3FBC31279B98F200D07866 /* Daft PunkTests */ = {
			isa = PBXGroup;
			children = (
				9B3FBC32279B98F200D07866 /* Daft_PunkTests.swift */,
			);
			path = "Daft PunkTests";
			sourceTree = "<group>";
		};
		9B3FBC3B279B98F200D07866 /* Daft PunkUITests */ = {
			isa = PBXGroup;
			children = (
				9B3FBC3C279B98F200D07866 /* Daft_PunkUITests.swift */,
				9B3FBC3E279B98F200D07866 /* Daft_PunkUITestsLaunchTests.swift */,
			);
			path = "Daft PunkUITests";
			sourceTree = "<group>";
		};
/* End PBXGroup section */

/* Begin PBXNativeTarget section */
		9B3FBC1D279B98F100D07866 /* Daft Punk */ = {
			isa = PBXNativeTarget;
			buildConfigurationList = 9B3FBC42279B98F200D07866 /* Build configuration list for PBXNativeTarget "Daft Punk" */;
			buildPhases = (
				9B3FBC1A279B98F100D07866 /* Sources */,
				9B3FBC1B279B98F100D07866 /* Frameworks */,
				9B3FBC1C279B98F100D07866 /* Resources */,
			);
			buildRules = (
			);
			dependencies = (
			);
			name = "Daft Punk";
			productName = "Daft Punk";
			productReference = 9B3FBC1E279B98F100D07866 /* Daft Punk.app */;
			productType = "com.apple.product-type.application";
		};
		9B3FBC2D279B98F200D07866 /* Daft PunkTests */ = {
			isa = PBXNativeTarget;
			buildConfigurationList = 9B3FBC45279B98F200D07866 /* Build configuration list for PBXNativeTarget "Daft PunkTests" */;
			buildPhases = (
				9B3FBC2A279B98F200D07866 /* Sources */,
				9B3FBC2B279B98F200D07866 /* Frameworks */,
				9B3FBC2C279B98F200D07866 /* Resources */,
			);
			buildRules = (
			);
			dependencies = (
				9B3FBC30279B98F200D07866 /* PBXTargetDependency */,
			);
			name = "Daft PunkTests";
			productName = "Daft PunkTests";
			productReference = 9B3FBC2E279B98F200D07866 /* Daft PunkTests.xctest */;
			productType = "com.apple.product-type.bundle.unit-test";
		};
		9B3FBC37279B98F200D07866 /* Daft PunkUITests */ = {
			isa = PBXNativeTarget;
			buildConfigurationList = 9B3FBC48279B98F200D07866 /* Build configuration list for PBXNativeTarget "Daft PunkUITests" */;
			buildPhases = (
				9B3FBC34279B98F200D07866 /* Sources */,
				9B3FBC35279B98F200D07866 /* Frameworks */,
				9B3FBC36279B98F200D07866 /* Resources */,
			);
			buildRules = (
			);
			dependencies = (
				9B3FBC3A279B98F200D07866 /* PBXTargetDependency */,
			);
			name = "Daft PunkUITests";
			productName = "Daft PunkUITests";
			productReference = 9B3FBC38279B98F200D07866 /* Daft PunkUITests.xctest */;
			productType = "com.apple.product-type.bundle.ui-testing";
		};
/* End PBXNativeTarget section */

/* Begin PBXProject section */
		9B3FBC16279B98F100D07866 /* Project object */ = {
			isa = PBXProject;
			attributes = {
				BuildIndependentTargetsInParallel = 1;
				LastSwiftUpdateCheck = 1320;
				LastUpgradeCheck = 1320;
				TargetAttributes = {
					9B3FBC1D279B98F100D07866 = {
						CreatedOnToolsVersion = 13.2.1;
					};
					9B3FBC2D279B98F200D07866 = {
						CreatedOnToolsVersion = 13.2.1;
						TestTargetID = 9B3FBC1D279B98F100D07866;
					};
					9B3FBC37279B98F200D07866 = {
						CreatedOnToolsVersion = 13.2.1;
						TestTargetID = 9B3FBC1D279B98F100D07866;
					};
				};
			};
			buildConfigurationList = 9B3FBC19279B98F100D07866 /* Build configuration list for PBXProject "Daft Punk" */;
			compatibilityVersion = "Xcode 13.0";
			developmentRegion = en;
			hasScannedForEncodings = 0;
			knownRegions = (
				en,
				Base,
			);
			mainGroup = 9B3FBC15279B98F100D07866;
			productRefGroup = 9B3FBC1F279B98F100D07866 /* Products */;
			projectDirPath = "";
			projectRoot = "";
			targets = (
				9B3FBC1D279B98F100D07866 /* Daft Punk */,
				9B3FBC2D279B98F200D07866 /* Daft PunkTests */,
				9B3FBC37279B98F200D07866 /* Daft PunkUITests */,
			);
		};
/* End PBXProject section */

/* Begin PBXResourcesBuildPhase section */
		9B3FBC1C279B98F100D07866 /* Resources */ = {
			isa = PBXResourcesBuildPhase;
			buildActionMask = 2147483647;
			files = (
				9B3FBC29279B98F200D07866 /* Preview Assets.xcassets in Resources */,
				9B3FBC26279B98F200D07866 /* Assets.xcassets in Resources */,
			);
			runOnlyForDeploymentPostprocessing = 0;
		};
		9B3FBC2C279B98F200D07866 /* Resources */ = {
			isa = PBXResourcesBuildPhase;
			buildActionMask = 2147483647;
			files = (
			);
			runOnlyForDeploymentPostprocessing = 0;
		};
		9B3FBC36279B98F200D07866 /* Resources */ = {
			isa = PBXResourcesBuildPhase;
			buildActionMask = 2147483647;
			files = (
			);
			runOnlyForDeploymentPostprocessing = 0;
		};
/* End PBXResourcesBuildPhase section */

/* Begin PBXSourcesBuildPhase section */
		9B3FBC1A279B98F100D07866 /* Sources */ = {
			isa = PBXSourcesBuildPhase;
			buildActionMask = 2147483647;
			files = (
				9B3FBC24279B98F100D07866 /* FirstView.swift in Sources */,
				9BC4FA67279BDDA4002AD793 /* SecondView.swift in Sources */,
				9BC4FA65279BDCD1002AD793 /* ClView.swift in Sources */,
				9B98201B279B9F8B009184A4 /* SoundPlayer.swift in Sources */,
				9B3FBC22279B98F100D07866 /* Daft_PunkApp.swift in Sources */,
			);
			runOnlyForDeploymentPostprocessing = 0;
		};
		9B3FBC2A279B98F200D07866 /* Sources */ = {
			isa = PBXSourcesBuildPhase;
			buildActionMask = 2147483647;
			files = (
				9B3FBC33279B98F200D07866 /* Daft_PunkTests.swift in Sources */,
			);
			runOnlyForDeploymentPostprocessing = 0;
		};
		9B3FBC34279B98F200D07866 /* Sources */ = {
			isa = PBXSourcesBuildPhase;
			buildActionMask = 2147483647;
			files = (
				9B3FBC3D279B98F200D07866 /* Daft_PunkUITests.swift in Sources */,
				9B3FBC3F279B98F200D07866 /* Daft_PunkUITestsLaunchTests.swift in Sources */,
			);
			runOnlyForDeploymentPostprocessing = 0;
		};
/* End PBXSourcesBuildPhase section */

/* Begin PBXTargetDependency section */
		9B3FBC30279B98F200D07866 /* PBXTargetDependency */ = {
			isa = PBXTargetDependency;
			target = 9B3FBC1D279B98F100D07866 /* Daft Punk */;
			targetProxy = 9B3FBC2F279B98F200D07866 /* PBXContainerItemProxy */;
		};
		9B3FBC3A279B98F200D07866 /* PBXTargetDependency */ = {
			isa = PBXTargetDependency;
			target = 9B3FBC1D279B98F100D07866 /* Daft Punk */;
			targetProxy = 9B3FBC39279B98F200D07866 /* PBXContainerItemProxy */;
		};
/* End PBXTargetDependency section */

/* Begin XCBuildConfiguration section */
		9B3FBC40279B98F200D07866 /* Debug */ = {
			isa = XCBuildConfiguration;
			buildSettings = {
				ALWAYS_SEARCH_USER_PATHS = NO;
				CLANG_ANALYZER_NONNULL = YES;
				CLANG_ANALYZER_NUMBER_OBJECT_CONVERSION = YES_AGGRESSIVE;
				CLANG_CXX_LANGUAGE_STANDARD = "gnu++17";
				CLANG_CXX_LIBRARY = "libc++";
				CLANG_ENABLE_MODULES = YES;
				CLANG_ENABLE_OBJC_ARC = YES;
				CLANG_ENABLE_OBJC_WEAK = YES;
				CLANG_WARN_BLOCK_CAPTURE_AUTORELEASING = YES;
				CLANG_WARN_BOOL_CONVERSION = YES;
				CLANG_WARN_COMMA = YES;
				CLANG_WARN_CONSTANT_CONVERSION = YES;
				CLANG_WARN_DEPRECATED_OBJC_IMPLEMENTATIONS = YES;
				CLANG_WARN_DIRECT_OBJC_ISA_USAGE = YES_ERROR;
				CLANG_WARN_DOCUMENTATION_COMMENTS = YES;
				CLANG_WARN_EMPTY_BODY = YES;
				CLANG_WARN_ENUM_CONVERSION = YES;
				CLANG_WARN_INFINITE_RECURSION = YES;
				CLANG_WARN_INT_CONVERSION = YES;
				CLANG_WARN_NON_LITERAL_NULL_CONVERSION = YES;
				CLANG_WARN_OBJC_IMPLICIT_RETAIN_SELF = YES;
				CLANG_WARN_OBJC_LITERAL_CONVERSION = YES;
				CLANG_WARN_OBJC_ROOT_CLASS = YES_ERROR;
				CLANG_WARN_QUOTED_INCLUDE_IN_FRAMEWORK_HEADER = YES;
				CLANG_WARN_RANGE_LOOP_ANALYSIS = YES;
				CLANG_WARN_STRICT_PROTOTYPES = YES;
				CLANG_WARN_SUSPICIOUS_MOVE = YES;
				CLANG_WARN_UNGUARDED_AVAILABILITY = YES_AGGRESSIVE;
				CLANG_WARN_UNREACHABLE_CODE = YES;
				CLANG_WARN__DUPLICATE_METHOD_MATCH = YES;
				COPY_PHASE_STRIP = NO;
				DEBUG_INFORMATION_FORMAT = dwarf;
				ENABLE_STRICT_OBJC_MSGSEND = YES;
				ENABLE_TESTABILITY = YES;
				GCC_C_LANGUAGE_STANDARD = gnu11;
				GCC_DYNAMIC_NO_PIC = NO;
				GCC_NO_COMMON_BLOCKS = YES;
				GCC_OPTIMIZATION_LEVEL = 0;
				GCC_PREPROCESSOR_DEFINITIONS = (
					"DEBUG=1",
					"$(inherited)",
				);
				GCC_WARN_64_TO_32_BIT_CONVERSION = YES;
				GCC_WARN_ABOUT_RETURN_TYPE = YES_ERROR;
				GCC_WARN_UNDECLARED_SELECTOR = YES;
				GCC_WARN_UNINITIALIZED_AUTOS = YES_AGGRESSIVE;
				GCC_WARN_UNUSED_FUNCTION = YES;
				GCC_WARN_UNUSED_VARIABLE = YES;
				IPHONEOS_DEPLOYMENT_TARGET = 15.2;
				MTL_ENABLE_DEBUG_INFO = INCLUDE_SOURCE;
				MTL_FAST_MATH = YES;
				ONLY_ACTIVE_ARCH = YES;
				SDKROOT = iphoneos;
				SWIFT_ACTIVE_COMPILATION_CONDITIONS = DEBUG;
				SWIFT_OPTIMIZATION_LEVEL = "-Onone";
			};
			name = Debug;
		};
		9B3FBC41279B98F200D07866 /* Release */ = {
			isa = XCBuildConfiguration;
			buildSettings = {
				ALWAYS_SEARCH_USER_PATHS = NO;
				CLANG_ANALYZER_NONNULL = YES;
				CLANG_ANALYZER_NUMBER_OBJECT_CONVERSION = YES_AGGRESSIVE;
				CLANG_CXX_LANGUAGE_STANDARD = "gnu++17";
				CLANG_CXX_LIBRARY = "libc++";
				CLANG_ENABLE_MODULES = YES;
				CLANG_ENABLE_OBJC_ARC = YES;
				CLANG_ENABLE_OBJC_WEAK = YES;
				CLANG_WARN_BLOCK_CAPTURE_AUTORELEASING = YES;
				CLANG_WARN_BOOL_CONVERSION = YES;
				CLANG_WARN_COMMA = YES;
				CLANG_WARN_CONSTANT_CONVERSION = YES;
				CLANG_WARN_DEPRECATED_OBJC_IMPLEMENTATIONS = YES;
				CLANG_WARN_DIRECT_OBJC_ISA_USAGE = YES_ERROR;
				CLANG_WARN_DOCUMENTATION_COMMENTS = YES;
				CLANG_WARN_EMPTY_BODY = YES;
				CLANG_WARN_ENUM_CONVERSION = YES;
				CLANG_WARN_INFINITE_RECURSION = YES;
				CLANG_WARN_INT_CONVERSION = YES;
				CLANG_WARN_NON_LITERAL_NULL_CONVERSION = YES;
				CLANG_WARN_OBJC_IMPLICIT_RETAIN_SELF = YES;
				CLANG_WARN_OBJC_LITERAL_CONVERSION = YES;
				CLANG_WARN_OBJC_ROOT_CLASS = YES_ERROR;
				CLANG_WARN_QUOTED_INCLUDE_IN_FRAMEWORK_HEADER = YES;
				CLANG_WARN_RANGE_LOOP_ANALYSIS = YES;
				CLANG_WARN_STRICT_PROTOTYPES = YES;
				CLANG_WARN_SUSPICIOUS_MOVE = YES;
				CLANG_WARN_UNGUARDED_AVAILABILITY = YES_AGGRESSIVE;
				CLANG_WARN_UNREACHABLE_CODE = YES;
				CLANG_WARN__DUPLICATE_METHOD_MATCH = YES;
				COPY_PHASE_STRIP = NO;
				DEBUG_INFORMATION_FORMAT = "dwarf-with-dsym";
				ENABLE_NS_ASSERTIONS = NO;
				ENABLE_STRICT_OBJC_MSGSEND = YES;
				GCC_C_LANGUAGE_STANDARD = gnu11;
				GCC_NO_COMMON_BLOCKS = YES;
				GCC_WARN_64_TO_32_BIT_CONVERSION = YES;
				GCC_WARN_ABOUT_RETURN_TYPE = YES_ERROR;
				GCC_WARN_UNDECLARED_SELECTOR = YES;
				GCC_WARN_UNINITIALIZED_AUTOS = YES_AGGRESSIVE;
				GCC_WARN_UNUSED_FUNCTION = YES;
				GCC_WARN_UNUSED_VARIABLE = YES;
				IPHONEOS_DEPLOYMENT_TARGET = 15.2;
				MTL_ENABLE_DEBUG_INFO = NO;
				MTL_FAST_MATH = YES;
				SDKROOT = iphoneos;
				SWIFT_COMPILATION_MODE = wholemodule;
				SWIFT_OPTIMIZATION_LEVEL = "-O";
				VALIDATE_PRODUCT = YES;
			};
			name = Release;
		};
		9B3FBC43279B98F200D07866 /* Debug */ = {
			isa = XCBuildConfiguration;
			buildSettings = {
				ASSETCATALOG_COMPILER_APPICON_NAME = AppIcon;
				ASSETCATALOG_COMPILER_GLOBAL_ACCENT_COLOR_NAME = AccentColor;
				CODE_SIGN_STYLE = Automatic;
				CURRENT_PROJECT_VERSION = 1;
				DEVELOPMENT_ASSET_PATHS = "\"Daft Punk/Preview Content\"";
				DEVELOPMENT_TEAM = 7CT3AUMF7P;
				ENABLE_PREVIEWS = YES;
				GENERATE_INFOPLIST_FILE = YES;
				INFOPLIST_KEY_UIApplicationSceneManifest_Generation = YES;
				INFOPLIST_KEY_UIApplicationSupportsIndirectInputEvents = YES;
				INFOPLIST_KEY_UILaunchScreen_Generation = YES;
				INFOPLIST_KEY_UISupportedInterfaceOrientations_iPad = "UIInterfaceOrientationPortrait UIInterfaceOrientationPortraitUpsideDown UIInterfaceOrientationLandscapeLeft UIInterfaceOrientationLandscapeRight";
				INFOPLIST_KEY_UISupportedInterfaceOrientations_iPhone = "UIInterfaceOrientationPortrait UIInterfaceOrientationLandscapeLeft UIInterfaceOrientationLandscapeRight";
				LD_RUNPATH_SEARCH_PATHS = (
					"$(inherited)",
					"@executable_path/Frameworks",
				);
				MARKETING_VERSION = 1.0;
				PRODUCT_BUNDLE_IDENTIFIER = "com.shion.Daft-Punk";
				PRODUCT_NAME = "$(TARGET_NAME)";
				SWIFT_EMIT_LOC_STRINGS = YES;
				SWIFT_VERSION = 5.0;
				TARGETED_DEVICE_FAMILY = "1,2";
			};
			name = Debug;
		};
		9B3FBC44279B98F200D07866 /* Release */ = {
			isa = XCBuildConfiguration;
			buildSettings = {
				ASSETCATALOG_COMPILER_APPICON_NAME = AppIcon;
				ASSETCATALOG_COMPILER_GLOBAL_ACCENT_COLOR_NAME = AccentColor;
				CODE_SIGN_STYLE = Automatic;
				CURRENT_PROJECT_VERSION = 1;
				DEVELOPMENT_ASSET_PATHS = "\"Daft Punk/Preview Content\"";
				DEVELOPMENT_TEAM = 7CT3AUMF7P;
				ENABLE_PREVIEWS = YES;
				GENERATE_INFOPLIST_FILE = YES;
				INFOPLIST_KEY_UIApplicationSceneManifest_Generation = YES;
				INFOPLIST_KEY_UIApplicationSupportsIndirectInputEvents = YES;
				INFOPLIST_KEY_UILaunchScreen_Generation = YES;
				INFOPLIST_KEY_UISupportedInterfaceOrientations_iPad = "UIInterfaceOrientationPortrait UIInterfaceOrientationPortraitUpsideDown UIInterfaceOrientationLandscapeLeft UIInterfaceOrientationLandscapeRight";
				INFOPLIST_KEY_UISupportedInterfaceOrientations_iPhone = "UIInterfaceOrientationPortrait UIInterfaceOrientationLandscapeLeft UIInterfaceOrientationLandscapeRight";
				LD_RUNPATH_SEARCH_PATHS = (
					"$(inherited)",
					"@executable_path/Frameworks",
				);
				MARKETING_VERSION = 1.0;
				PRODUCT_BUNDLE_IDENTIFIER = "com.shion.Daft-Punk";
				PRODUCT_NAME = "$(TARGET_NAME)";
				SWIFT_EMIT_LOC_STRINGS = YES;
				SWIFT_VERSION = 5.0;
				TARGETED_DEVICE_FAMILY = "1,2";
			};
			name = Release;
		};
		9B3FBC46279B98F200D07866 /* Debug */ = {
			isa = XCBuildConfiguration;
			buildSettings = {
				ALWAYS_EMBED_SWIFT_STANDARD_LIBRARIES = YES;
				BUNDLE_LOADER = "$(TEST_HOST)";
				CODE_SIGN_STYLE = Automatic;
				CURRENT_PROJECT_VERSION = 1;
				DEVELOPMENT_TEAM = 7CT3AUMF7P;
				GENERATE_INFOPLIST_FILE = YES;
				IPHONEOS_DEPLOYMENT_TARGET = 15.2;
				MARKETING_VERSION = 1.0;
				PRODUCT_BUNDLE_IDENTIFIER = "com.shion.Daft-PunkTests";
				PRODUCT_NAME = "$(TARGET_NAME)";
				SWIFT_EMIT_LOC_STRINGS = NO;
				SWIFT_VERSION = 5.0;
				TARGETED_DEVICE_FAMILY = "1,2";
				TEST_HOST = "$(BUILT_PRODUCTS_DIR)/Daft Punk.app/Daft Punk";
			};
			name = Debug;
		};
		9B3FBC47279B98F200D07866 /* Release */ = {
			isa = XCBuildConfiguration;
			buildSettings = {
				ALWAYS_EMBED_SWIFT_STANDARD_LIBRARIES = YES;
				BUNDLE_LOADER = "$(TEST_HOST)";
				CODE_SIGN_STYLE = Automatic;
				CURRENT_PROJECT_VERSION = 1;
				DEVELOPMENT_TEAM = 7CT3AUMF7P;
				GENERATE_INFOPLIST_FILE = YES;
				IPHONEOS_DEPLOYMENT_TARGET = 15.2;
				MARKETING_VERSION = 1.0;
				PRODUCT_BUNDLE_IDENTIFIER = "com.shion.Daft-PunkTests";
				PRODUCT_NAME = "$(TARGET_NAME)";
				SWIFT_EMIT_LOC_STRINGS = NO;
				SWIFT_VERSION = 5.0;
				TARGETED_DEVICE_FAMILY = "1,2";
				TEST_HOST = "$(BUILT_PRODUCTS_DIR)/Daft Punk.app/Daft Punk";
			};
			name = Release;
		};
		9B3FBC49279B98F200D07866 /* Debug */ = {
			isa = XCBuildConfiguration;
			buildSettings = {
				ALWAYS_EMBED_SWIFT_STANDARD_LIBRARIES = YES;
				CODE_SIGN_STYLE = Automatic;
				CURRENT_PROJECT_VERSION = 1;
				DEVELOPMENT_TEAM = 7CT3AUMF7P;
				GENERATE_INFOPLIST_FILE = YES;
				MARKETING_VERSION = 1.0;
				PRODUCT_BUNDLE_IDENTIFIER = "com.shion.Daft-PunkUITests";
				PRODUCT_NAME = "$(TARGET_NAME)";
				SWIFT_EMIT_LOC_STRINGS = NO;
				SWIFT_VERSION = 5.0;
				TARGETED_DEVICE_FAMILY = "1,2";
				TEST_TARGET_NAME = "Daft Punk";
			};
			name = Debug;
		};
		9B3FBC4A279B98F200D07866 /* Release */ = {
			isa = XCBuildConfiguration;
			buildSettings = {
				ALWAYS_EMBED_SWIFT_STANDARD_LIBRARIES = YES;
				CODE_SIGN_STYLE = Automatic;
				CURRENT_PROJECT_VERSION = 1;
				DEVELOPMENT_TEAM = 7CT3AUMF7P;
				GENERATE_INFOPLIST_FILE = YES;
				MARKETING_VERSION = 1.0;
				PRODUCT_BUNDLE_IDENTIFIER = "com.shion.Daft-PunkUITests";
				PRODUCT_NAME = "$(TARGET_NAME)";
				SWIFT_EMIT_LOC_STRINGS = NO;
				SWIFT_VERSION = 5.0;
				TARGETED_DEVICE_FAMILY = "1,2";
				TEST_TARGET_NAME = "Daft Punk";
			};
			name = Release;
		};
/* End XCBuildConfiguration section */

/* Begin XCConfigurationList section */
		9B3FBC19279B98F100D07866 /* Build configuration list for PBXProject "Daft Punk" */ = {
			isa = XCConfigurationList;
			buildConfigurations = (
				9B3FBC40279B98F200D07866 /* Debug */,
				9B3FBC41279B98F200D07866 /* Release */,
			);
			defaultConfigurationIsVisible = 0;
			defaultConfigurationName = Release;
		};
		9B3FBC42279B98F200D07866 /* Build configuration list for PBXNativeTarget "Daft Punk" */ = {
			isa = XCConfigurationList;
			buildConfigurations = (
				9B3FBC43279B98F200D07866 /* Debug */,
				9B3FBC44279B98F200D07866 /* Release */,
			);
			defaultConfigurationIsVisible = 0;
			defaultConfigurationName = Release;
		};
		9B3FBC45279B98F200D07866 /* Build configuration list for PBXNativeTarget "Daft PunkTests" */ = {
			isa = XCConfigurationList;
			buildConfigurations = (
				9B3FBC46279B98F200D07866 /* Debug */,
				9B3FBC47279B98F200D07866 /* Release */,
			);
			defaultConfigurationIsVisible = 0;
			defaultConfigurationName = Release;
		};
		9B3FBC48279B98F200D07866 /* Build configuration list for PBXNativeTarget "Daft PunkUITests" */ = {
			isa = XCConfigurationList;
			buildConfigurations = (
				9B3FBC49279B98F200D07866 /* Debug */,
				9B3FBC4A279B98F200D07866 /* Release */,
			);
			defaultConfigurationIsVisible = 0;
			defaultConfigurationName = Release;
		};
/* End XCConfigurationList section */
	};
	rootObject = 9B3FBC16279B98F100D07866 /* Project object */;
}
